PODS:
  - connectivity_plus (0.0.1):
    - Flutter
  - device_info_plus (0.0.1):
    - Flutter
  - Flutter (1.0.0)
  - KSCrash (2.5.1):
    - KSCrash/Installations (= 2.5.1)
  - KSCrash/Core (2.5.1)
  - KSCrash/DemangleFilter (2.5.1):
    - KSCrash/Recording
  - KSCrash/Filters (2.5.1):
    - KSCrash/Recording
    - KSCrash/RecordingCore
    - KSCrash/ReportingCore
  - KSCrash/Installations (2.5.1):
    - KSCrash/DemangleFilter
    - KSCrash/Filters
    - KSCrash/Recording
    - KSCrash/Sinks
  - KSCrash/Recording (2.5.1):
    - KSCrash/RecordingCore
  - KSCrash/RecordingCore (2.5.1):
    - KSCrash/Core
  - KSCrash/ReportingCore (2.5.1):
    - KSCrash/Core
  - KSCrash/Sinks (2.5.1):
    - KSCrash/Filters
    - KSCrash/Recording
  - LaunchDarkly (11.2.0):
    - LaunchDarkly/Core (= 11.2.0)
  - LaunchDarkly/Core (11.2.0):
    - LDSwiftEventSource (= 3.3.0)
  - launchdarkly_flutter_observability (0.0.0):
    - Flutter
    - LaunchDarklyObservability (~> 0.38.0)
    - LaunchDarklySessionReplay (~> 0.38.0)
  - LaunchDarklyObservability (0.38.0):
    - LaunchDarklyObservability/LaunchDarklyObservability (= 0.38.0)
  - LaunchDarklyObservability/Common (0.38.0):
    - LaunchDarkly (~> 11.2)
  - LaunchDarklyObservability/JSONExporters (0.38.0):
    - OpenTelemetry-Swift-Api (~> 2.3.0)
    - OpenTelemetry-Swift-Sdk (~> 2.3.0)
  - LaunchDarklyObservability/LaunchDarklyObservability (0.38.0):
    - LaunchDarklyObservability/Common
    - LaunchDarklyObservability/JSONExporters
    - LaunchDarklyObservability/Misc
    - LaunchDarklyObservability/OpenTelemetry
    - LaunchDarklyObservability/SDKResourceExtension
    - LaunchDarklyObservability/URLSessionInstrumentation
  - LaunchDarklyObservability/Misc (0.38.0):
    - KSCrash
  - LaunchDarklyObservability/NetworkStatus (0.38.0):
    - OpenTelemetry-Swift-Api (~> 2.3.0)
  - LaunchDarklyObservability/OpenTelemetry (0.38.0):
    - OpenTelemetry-Swift-Api (~> 2.3.0)
    - OpenTelemetry-Swift-Sdk (~> 2.3.0)
  - LaunchDarklyObservability/SDKResourceExtension (0.38.0):
    - LaunchDarklyObservability/OpenTelemetry
  - LaunchDarklyObservability/URLSessionInstrumentation (0.38.0):
    - LaunchDarklyObservability/NetworkStatus
    - OpenTelemetry-Swift-Sdk (~> 2.3.0)
  - LaunchDarklySessionReplay (0.38.0):
    - LaunchDarklySessionReplay/LaunchDarklySessionReplay (= 0.38.0)
  - LaunchDarklySessionReplay/LaunchDarklySessionReplay (0.38.0):
    - LaunchDarklyObservability
    - LaunchDarklySessionReplay/SessionReplayC
  - LaunchDarklySessionReplay/SessionReplayC (0.38.0)
  - LDSwiftEventSource (3.3.0)
  - OpenTelemetry-Swift-Api (2.3.0)
  - OpenTelemetry-Swift-Sdk (2.3.0):
    - OpenTelemetry-Swift-Api (= 2.3.0)
  - package_info_plus (0.4.5):
    - Flutter
  - shared_preferences_foundation (0.0.1):
    - Flutter
    - FlutterMacOS
  - webview_flutter_wkwebview (0.0.1):
    - Flutter
    - FlutterMacOS

DEPENDENCIES:
  - connectivity_plus (from `.symlinks/plugins/connectivity_plus/ios`)
  - device_info_plus (from `.symlinks/plugins/device_info_plus/ios`)
  - Flutter (from `Flutter`)
  - launchdarkly_flutter_observability (from `.symlinks/plugins/launchdarkly_flutter_observability/ios`)
  - LaunchDarklyObservability (from `/Users/abelonogov/flutter/swift-launchdarkly-observability`)
  - LaunchDarklySessionReplay (from `/Users/abelonogov/flutter/swift-launchdarkly-observability`)
  - package_info_plus (from `.symlinks/plugins/package_info_plus/ios`)
  - shared_preferences_foundation (from `.symlinks/plugins/shared_preferences_foundation/darwin`)
  - webview_flutter_wkwebview (from `.symlinks/plugins/webview_flutter_wkwebview/darwin`)

SPEC REPOS:
  trunk:
    - KSCrash
    - LaunchDarkly
    - LDSwiftEventSource
    - OpenTelemetry-Swift-Api
    - OpenTelemetry-Swift-Sdk

EXTERNAL SOURCES:
  connectivity_plus:
    :path: ".symlinks/plugins/connectivity_plus/ios"
  device_info_plus:
    :path: ".symlinks/plugins/device_info_plus/ios"
  Flutter:
    :path: Flutter
  launchdarkly_flutter_observability:
    :path: ".symlinks/plugins/launchdarkly_flutter_observability/ios"
  LaunchDarklyObservability:
    :path: "/Users/abelonogov/flutter/swift-launchdarkly-observability"
  LaunchDarklySessionReplay:
    :path: "/Users/abelonogov/flutter/swift-launchdarkly-observability"
  package_info_plus:
    :path: ".symlinks/plugins/package_info_plus/ios"
  shared_preferences_foundation:
    :path: ".symlinks/plugins/shared_preferences_foundation/darwin"
  webview_flutter_wkwebview:
    :path: ".symlinks/plugins/webview_flutter_wkwebview/darwin"

SPEC CHECKSUMS:
  connectivity_plus: cb623214f4e1f6ef8fe7403d580fdad517d2f7dd
  device_info_plus: 21fcca2080fbcd348be798aa36c3e5ed849eefbe
  Flutter: cabc95a1d2626b1b06e7179b784ebcf0c0cde467
  KSCrash: 8c4464fd5da7de520f2ce4a00fdf63f169a80f18
  LaunchDarkly: 196f8e6c8b3ae801762fcf328704c495a36bdeee
  launchdarkly_flutter_observability: 685c33544935b493577cf2730af188ad8b476ad8
  LaunchDarklyObservability: f05b864c67587418038323a9d859eee893c03194
  LaunchDarklySessionReplay: d5f831951d746f7d08510ba65e09fcae178cc80f
  LDSwiftEventSource: b0826ca826ca890609a9833a05cae1f357fd3b99
  OpenTelemetry-Swift-Api: 3d77582ab6837a63b65bf7d2eacc57d8f2595edd
  OpenTelemetry-Swift-Sdk: 69d60f0242e830366e359481edd575d6776eb983
  package_info_plus: af8e2ca6888548050f16fa2f1938db7b5a5df499
  shared_preferences_foundation: 9e1978ff2562383bd5676f64ec4e9aa8fa06a6f7
  webview_flutter_wkwebview: 8ebf4fded22593026f7dbff1fbff31ea98573c8d

PODFILE CHECKSUM: b7ee8613ded11be424ba1dcf0dd7557b195e6e2f

COCOAPODS: 1.16.2
