Microsoft Visual Studio Solution File, Format Version 12.00
# Visual Studio Version 17
VisualStudioVersion = 17.5.2.0
MinimumVisualStudioVersion = 10.0.40219.1
Project("{FAE04EC0-301F-11D3-BF4B-00C04F79EFBC}") = "SandboxAPI", "SandboxAPI.csproj", "{A2CB0A2D-96AA-99FC-B833-344B163E59FD}"
EndProject
Global
	GlobalSection(SolutionConfigurationPlatforms) = preSolution
		Debug|Any CPU = Debug|Any CPU
		Release|Any CPU = Release|Any CPU
	EndGlobalSection
	GlobalSection(ProjectConfigurationPlatforms) = postSolution
		{A2CB0A2D-96AA-99FC-B833-344B163E59FD}.Debug|Any CPU.ActiveCfg = Debug|Any CPU
		{A2CB0A2D-96AA-99FC-B833-344B163E59FD}.Debug|Any CPU.Build.0 = Debug|Any CPU
		{A2CB0A2D-96AA-99FC-B833-344B163E59FD}.Release|Any CPU.ActiveCfg = Release|Any CPU
		{A2CB0A2D-96AA-99FC-B833-344B163E59FD}.Release|Any CPU.Build.0 = Release|Any CPU
	EndGlobalSection
	GlobalSection(SolutionProperties) = preSolution
		HideSolutionNode = FALSE
	EndGlobalSection
	GlobalSection(ExtensibilityGlobals) = postSolution
		SolutionGuid = {7F61C806-C0FC-4E00-8847-7E64839F3069}
	EndGlobalSection
EndGlobal
